// !$*UTF8*$!
{
	archiveVersion = 1;
	classes = {
	};
	objectVersion = 46;
	objects = {

/* Begin PBXBuildFile section */
		319E5751B3B065F449DE1E07 /* libPods-TheRandomTests.a in Frameworks */ = {isa = PBXBuildFile; fileRef = 183BE8F9955243542162EB36 /* libPods-TheRandomTests.a */; };
		8B1BFF971B1CC5220061DB27 /* RandomCard.m in Sources */ = {isa = PBXBuildFile; fileRef = 8B1BFF961B1CC5220061DB27 /* RandomCard.m */; };
		8B1BFF9C1B1CC5580061DB27 /* RandomDice.m in Sources */ = {isa = PBXBuildFile; fileRef = 8B1BFF991B1CC5580061DB27 /* RandomDice.m */; };
		8B1BFF9D1B1CC5580061DB27 /* RandomList.m in Sources */ = {isa = PBXBuildFile; fileRef = 8B1BFF9B1B1CC5580061DB27 /* RandomList.m */; };
		8B3A80DE1B458C2700125AEC /* roll_dice.caf in Resources */ = {isa = PBXBuildFile; fileRef = 8B3A80DC1B4585C900125AEC /* roll_dice.caf */; };
		8B619FCD1B2A7D9200CB52F9 /* AUIAutoGrowingTextView.m in Sources */ = {isa = PBXBuildFile; fileRef = 8B619FCC1B2A7D9200CB52F9 /* AUIAutoGrowingTextView.m */; };
		8B65C7EF1B47DAB400B579D4 /* ColorPicker.xib in Resources */ = {isa = PBXBuildFile; fileRef = 8B65C7EE1B47DAB400B579D4 /* ColorPicker.xib */; };
		8B7D9E841B2BDF7B001AF02B /* RandomListResult.m in Sources */ = {isa = PBXBuildFile; fileRef = 8B7D9E831B2BDF7B001AF02B /* RandomListResult.m */; };
		8B86499E1B22AF0200A77EFD /* RecentNumberRandom.m in Sources */ = {isa = PBXBuildFile; fileRef = 8B86499D1B22AF0200A77EFD /* RecentNumberRandom.m */; };
		8BD25D081B4BD90500360128 /* RecentDice.m in Sources */ = {isa = PBXBuildFile; fileRef = 8BD25D071B4BD90500360128 /* RecentDice.m */; };
		8BD67E1C1B1CBF4300DA1E9B /* RandomNumber.m in Sources */ = {isa = PBXBuildFile; fileRef = 8BD67E1B1B1CBF4300DA1E9B /* RandomNumber.m */; };
		8BFABC8C1B15852900050C3E /* main.m in Sources */ = {isa = PBXBuildFile; fileRef = 8BFABC8B1B15852900050C3E /* main.m */; };
		8BFABC8F1B15852900050C3E /* AppDelegate.m in Sources */ = {isa = PBXBuildFile; fileRef = 8BFABC8E1B15852900050C3E /* AppDelegate.m */; };
		8BFABC921B15852900050C3E /* ViewController.m in Sources */ = {isa = PBXBuildFile; fileRef = 8BFABC911B15852900050C3E /* ViewController.m */; };
		8BFABC951B15852900050C3E /* Main.storyboard in Resources */ = {isa = PBXBuildFile; fileRef = 8BFABC931B15852900050C3E /* Main.storyboard */; };
		8BFABC971B15852900050C3E /* Images.xcassets in Resources */ = {isa = PBXBuildFile; fileRef = 8BFABC961B15852900050C3E /* Images.xcassets */; };
		8BFABC9A1B15852900050C3E /* LaunchScreen.xib in Resources */ = {isa = PBXBuildFile; fileRef = 8BFABC981B15852900050C3E /* LaunchScreen.xib */; };
		8BFABCA61B15852900050C3E /* TheRandomTests.m in Sources */ = {isa = PBXBuildFile; fileRef = 8BFABCA51B15852900050C3E /* TheRandomTests.m */; };
		D37F25C32157E0B80067E5C9 /* UIView+Toast.m in Sources */ = {isa = PBXBuildFile; fileRef = D37F25C12157E0B80067E5C9 /* UIView+Toast.m */; };
		D3D1118E2156A6880088C761 /* BaseViewController.m in Sources */ = {isa = PBXBuildFile; fileRef = D3D1118D2156A6880088C761 /* BaseViewController.m */; };
		ECE0F0308806742D53BD0C60 /* libPods-TheRandom.a in Frameworks */ = {isa = PBXBuildFile; fileRef = 430BF7CF79DB4A4EE5EE5796 /* libPods-TheRandom.a */; };
/* End PBXBuildFile section */

/* Begin PBXContainerItemProxy section */
		8BFABCA01B15852900050C3E /* PBXContainerItemProxy */ = {
			isa = PBXContainerItemProxy;
			containerPortal = 8BFABC7E1B15852900050C3E /* Project object */;
			proxyType = 1;
			remoteGlobalIDString = 8BFABC851B15852900050C3E;
			remoteInfo = TheRandom;
		};
/* End PBXContainerItemProxy section */

/* Begin PBXFileReference section */
		097D43BA7CEB31BF5C269CFD /* Pods-TheRandom.debug.xcconfig */ = {isa = PBXFileReference; includeInIndex = 1; lastKnownFileType = text.xcconfig; name = "Pods-TheRandom.debug.xcconfig"; path = "Pods/Target Support Files/Pods-TheRandom/Pods-TheRandom.debug.xcconfig"; sourceTree = "<group>"; };
		183BE8F9955243542162EB36 /* libPods-TheRandomTests.a */ = {isa = PBXFileReference; explicitFileType = archive.ar; includeInIndex = 0; path = "libPods-TheRandomTests.a"; sourceTree = BUILT_PRODUCTS_DIR; };
		189AA999F00DB83F15F5932C /* Pods-TheRandomTests.debug.xcconfig */ = {isa = PBXFileReference; includeInIndex = 1; lastKnownFileType = text.xcconfig; name = "Pods-TheRandomTests.debug.xcconfig"; path = "Pods/Target Support Files/Pods-TheRandomTests/Pods-TheRandomTests.debug.xcconfig"; sourceTree = "<group>"; };
		430BF7CF79DB4A4EE5EE5796 /* libPods-TheRandom.a */ = {isa = PBXFileReference; explicitFileType = archive.ar; includeInIndex = 0; path = "libPods-TheRandom.a"; sourceTree = BUILT_PRODUCTS_DIR; };
		66D4718883B9DD9E43992A50 /* Pods-TheRandomTests.release.xcconfig */ = {isa = PBXFileReference; includeInIndex = 1; lastKnownFileType = text.xcconfig; name = "Pods-TheRandomTests.release.xcconfig"; path = "Pods/Target Support Files/Pods-TheRandomTests/Pods-TheRandomTests.release.xcconfig"; sourceTree = "<group>"; };
		7C89D96D0A69F49E58D54C4F /* Pods-TheRandom.release.xcconfig */ = {isa = PBXFileReference; includeInIndex = 1; lastKnownFileType = text.xcconfig; name = "Pods-TheRandom.release.xcconfig"; path = "Pods/Target Support Files/Pods-TheRandom/Pods-TheRandom.release.xcconfig"; sourceTree = "<group>"; };
		8B1BFF951B1CC5220061DB27 /* RandomCard.h */ = {isa = PBXFileReference; fileEncoding = 4; lastKnownFileType = sourcecode.c.h; path = RandomCard.h; sourceTree = "<group>"; };
		8B1BFF961B1CC5220061DB27 /* RandomCard.m */ = {isa = PBXFileReference; fileEncoding = 4; lastKnownFileType = sourcecode.c.objc; path = RandomCard.m; sourceTree = "<group>"; };
		8B1BFF981B1CC5580061DB27 /* RandomDice.h */ = {isa = PBXFileReference; fileEncoding = 4; lastKnownFileType = sourcecode.c.h; path = RandomDice.h; sourceTree = "<group>"; };
		8B1BFF991B1CC5580061DB27 /* RandomDice.m */ = {isa = PBXFileReference; fileEncoding = 4; lastKnownFileType = sourcecode.c.objc; path = RandomDice.m; sourceTree = "<group>"; };
		8B1BFF9A1B1CC5580061DB27 /* RandomList.h */ = {isa = PBXFileReference; fileEncoding = 4; lastKnownFileType = sourcecode.c.h; path = RandomList.h; sourceTree = "<group>"; };
		8B1BFF9B1B1CC5580061DB27 /* RandomList.m */ = {isa = PBXFileReference; fileEncoding = 4; lastKnownFileType = sourcecode.c.objc; path = RandomList.m; sourceTree = "<group>"; };
		8B3A80DC1B4585C900125AEC /* roll_dice.caf */ = {isa = PBXFileReference; lastKnownFileType = file; path = roll_dice.caf; sourceTree = "<group>"; };
		8B619FCB1B2A7D9200CB52F9 /* AUIAutoGrowingTextView.h */ = {isa = PBXFileReference; fileEncoding = 4; lastKnownFileType = sourcecode.c.h; path = AUIAutoGrowingTextView.h; sourceTree = "<group>"; };
		8B619FCC1B2A7D9200CB52F9 /* AUIAutoGrowingTextView.m */ = {isa = PBXFileReference; fileEncoding = 4; lastKnownFileType = sourcecode.c.objc; path = AUIAutoGrowingTextView.m; sourceTree = "<group>"; };
		8B65C7EE1B47DAB400B579D4 /* ColorPicker.xib */ = {isa = PBXFileReference; fileEncoding = 4; lastKnownFileType = file.xib; path = ColorPicker.xib; sourceTree = "<group>"; };
		8B7D9E821B2BDF7B001AF02B /* RandomListResult.h */ = {isa = PBXFileReference; fileEncoding = 4; lastKnownFileType = sourcecode.c.h; path = RandomListResult.h; sourceTree = "<group>"; };
		8B7D9E831B2BDF7B001AF02B /* RandomListResult.m */ = {isa = PBXFileReference; fileEncoding = 4; lastKnownFileType = sourcecode.c.objc; path = RandomListResult.m; sourceTree = "<group>"; };
		8B86499C1B22AF0200A77EFD /* RecentNumberRandom.h */ = {isa = PBXFileReference; fileEncoding = 4; lastKnownFileType = sourcecode.c.h; path = RecentNumberRandom.h; sourceTree = "<group>"; };
		8B86499D1B22AF0200A77EFD /* RecentNumberRandom.m */ = {isa = PBXFileReference; fileEncoding = 4; lastKnownFileType = sourcecode.c.objc; path = RecentNumberRandom.m; sourceTree = "<group>"; };
		8BD25D061B4BD90500360128 /* RecentDice.h */ = {isa = PBXFileReference; fileEncoding = 4; lastKnownFileType = sourcecode.c.h; path = RecentDice.h; sourceTree = "<group>"; };
		8BD25D071B4BD90500360128 /* RecentDice.m */ = {isa = PBXFileReference; fileEncoding = 4; lastKnownFileType = sourcecode.c.objc; path = RecentDice.m; sourceTree = "<group>"; };
		8BD67E1A1B1CBF4300DA1E9B /* RandomNumber.h */ = {isa = PBXFileReference; fileEncoding = 4; lastKnownFileType = sourcecode.c.h; path = RandomNumber.h; sourceTree = "<group>"; };
		8BD67E1B1B1CBF4300DA1E9B /* RandomNumber.m */ = {isa = PBXFileReference; fileEncoding = 4; lastKnownFileType = sourcecode.c.objc; path = RandomNumber.m; sourceTree = "<group>"; };
		8BFABC861B15852900050C3E /* TheRandom.app */ = {isa = PBXFileReference; explicitFileType = wrapper.application; includeInIndex = 0; path = TheRandom.app; sourceTree = BUILT_PRODUCTS_DIR; };
		8BFABC8A1B15852900050C3E /* Info.plist */ = {isa = PBXFileReference; lastKnownFileType = text.plist.xml; path = Info.plist; sourceTree = "<group>"; };
		8BFABC8B1B15852900050C3E /* main.m */ = {isa = PBXFileReference; lastKnownFileType = sourcecode.c.objc; path = main.m; sourceTree = "<group>"; };
		8BFABC8D1B15852900050C3E /* AppDelegate.h */ = {isa = PBXFileReference; lastKnownFileType = sourcecode.c.h; path = AppDelegate.h; sourceTree = "<group>"; };
		8BFABC8E1B15852900050C3E /* AppDelegate.m */ = {isa = PBXFileReference; lastKnownFileType = sourcecode.c.objc; path = AppDelegate.m; sourceTree = "<group>"; };
		8BFABC901B15852900050C3E /* ViewController.h */ = {isa = PBXFileReference; lastKnownFileType = sourcecode.c.h; path = ViewController.h; sourceTree = "<group>"; };
		8BFABC911B15852900050C3E /* ViewController.m */ = {isa = PBXFileReference; lastKnownFileType = sourcecode.c.objc; path = ViewController.m; sourceTree = "<group>"; };
		8BFABC941B15852900050C3E /* Base */ = {isa = PBXFileReference; lastKnownFileType = file.storyboard; name = Base; path = Base.lproj/Main.storyboard; sourceTree = "<group>"; };
		8BFABC961B15852900050C3E /* Images.xcassets */ = {isa = PBXFileReference; lastKnownFileType = folder.assetcatalog; path = Images.xcassets; sourceTree = "<group>"; };
		8BFABC991B15852900050C3E /* Base */ = {isa = PBXFileReference; lastKnownFileType = file.xib; name = Base; path = Base.lproj/LaunchScreen.xib; sourceTree = "<group>"; };
		8BFABC9F1B15852900050C3E /* TheRandomTests.xctest */ = {isa = PBXFileReference; explicitFileType = wrapper.cfbundle; includeInIndex = 0; path = TheRandomTests.xctest; sourceTree = BUILT_PRODUCTS_DIR; };
		8BFABCA41B15852900050C3E /* Info.plist */ = {isa = PBXFileReference; lastKnownFileType = text.plist.xml; path = Info.plist; sourceTree = "<group>"; };
		8BFABCA51B15852900050C3E /* TheRandomTests.m */ = {isa = PBXFileReference; lastKnownFileType = sourcecode.c.objc; path = TheRandomTests.m; sourceTree = "<group>"; };
		D35F8D8921594041003A58F2 /* Constants.h */ = {isa = PBXFileReference; lastKnownFileType = sourcecode.c.h; path = Constants.h; sourceTree = "<group>"; };
		D37F25C12157E0B80067E5C9 /* UIView+Toast.m */ = {isa = PBXFileReference; fileEncoding = 4; lastKnownFileType = sourcecode.c.objc; path = "UIView+Toast.m"; sourceTree = "<group>"; };
		D37F25C22157E0B80067E5C9 /* UIView+Toast.h */ = {isa = PBXFileReference; fileEncoding = 4; lastKnownFileType = sourcecode.c.h; path = "UIView+Toast.h"; sourceTree = "<group>"; };
		D3D1118C2156A6880088C761 /* BaseViewController.h */ = {isa = PBXFileReference; lastKnownFileType = sourcecode.c.h; path = BaseViewController.h; sourceTree = "<group>"; };
		D3D1118D2156A6880088C761 /* BaseViewController.m */ = {isa = PBXFileReference; lastKnownFileType = sourcecode.c.objc; path = BaseViewController.m; sourceTree = "<group>"; };
/* End PBXFileReference section */

/* Begin PBXFrameworksBuildPhase section */
		8BFABC831B15852900050C3E /* Frameworks */ = {
			isa = PBXFrameworksBuildPhase;
			buildActionMask = 2147483647;
			files = (
				ECE0F0308806742D53BD0C60 /* libPods-TheRandom.a in Frameworks */,
			);
			runOnlyForDeploymentPostprocessing = 0;
		};
		8BFABC9C1B15852900050C3E /* Frameworks */ = {
			isa = PBXFrameworksBuildPhase;
			buildActionMask = 2147483647;
			files = (
				319E5751B3B065F449DE1E07 /* libPods-TheRandomTests.a in Frameworks */,
			);
			runOnlyForDeploymentPostprocessing = 0;
		};
/* End PBXFrameworksBuildPhase section */

/* Begin PBXGroup section */
		1E03E4BAB2CC65F04D6AFA9A /* Frameworks */ = {
			isa = PBXGroup;
			children = (
				430BF7CF79DB4A4EE5EE5796 /* libPods-TheRandom.a */,
				183BE8F9955243542162EB36 /* libPods-TheRandomTests.a */,
			);
			name = Frameworks;
			sourceTree = "<group>";
		};
		8BFABC7D1B15852900050C3E = {
			isa = PBXGroup;
			children = (
				8BFABC881B15852900050C3E /* TheRandom */,
				8BFABCA21B15852900050C3E /* TheRandomTests */,
				8BFABC871B15852900050C3E /* Products */,
				F0B000B721A43689078667E5 /* Pods */,
				1E03E4BAB2CC65F04D6AFA9A /* Frameworks */,
			);
			sourceTree = "<group>";
		};
		8BFABC871B15852900050C3E /* Products */ = {
			isa = PBXGroup;
			children = (
				8BFABC861B15852900050C3E /* TheRandom.app */,
				8BFABC9F1B15852900050C3E /* TheRandomTests.xctest */,
			);
			name = Products;
			sourceTree = "<group>";
		};
		8BFABC881B15852900050C3E /* TheRandom */ = {
			isa = PBXGroup;
			children = (
				D37F25C02157E0AA0067E5C9 /* Lib */,
				8BD25D061B4BD90500360128 /* RecentDice.h */,
				8BD25D071B4BD90500360128 /* RecentDice.m */,
				8B7D9E821B2BDF7B001AF02B /* RandomListResult.h */,
				8B7D9E831B2BDF7B001AF02B /* RandomListResult.m */,
				8B619FCB1B2A7D9200CB52F9 /* AUIAutoGrowingTextView.h */,
				8B619FCC1B2A7D9200CB52F9 /* AUIAutoGrowingTextView.m */,
				8B86499C1B22AF0200A77EFD /* RecentNumberRandom.h */,
				8B86499D1B22AF0200A77EFD /* RecentNumberRandom.m */,
				8B1BFF981B1CC5580061DB27 /* RandomDice.h */,
				8B1BFF991B1CC5580061DB27 /* RandomDice.m */,
				8B1BFF9A1B1CC5580061DB27 /* RandomList.h */,
				8B1BFF9B1B1CC5580061DB27 /* RandomList.m */,
				8BD67E1A1B1CBF4300DA1E9B /* RandomNumber.h */,
				8BD67E1B1B1CBF4300DA1E9B /* RandomNumber.m */,
				8BFABC8D1B15852900050C3E /* AppDelegate.h */,
				8BFABC8E1B15852900050C3E /* AppDelegate.m */,
				8BFABC901B15852900050C3E /* ViewController.h */,
				8BFABC911B15852900050C3E /* ViewController.m */,
				8BFABC931B15852900050C3E /* Main.storyboard */,
				8BFABC961B15852900050C3E /* Images.xcassets */,
				8BFABC981B15852900050C3E /* LaunchScreen.xib */,
				8BFABC891B15852900050C3E /* Supporting Files */,
				8B1BFF951B1CC5220061DB27 /* RandomCard.h */,
				8B1BFF961B1CC5220061DB27 /* RandomCard.m */,
				8B65C7EE1B47DAB400B579D4 /* ColorPicker.xib */,
				D3D1118C2156A6880088C761 /* BaseViewController.h */,
				D3D1118D2156A6880088C761 /* BaseViewController.m */,
				D35F8D8921594041003A58F2 /* Constants.h */,
			);
			path = TheRandom;
			sourceTree = "<group>";
		};
		8BFABC891B15852900050C3E /* Supporting Files */ = {
			isa = PBXGroup;
			children = (
				8B3A80DC1B4585C900125AEC /* roll_dice.caf */,
				8BFABC8A1B15852900050C3E /* Info.plist */,
				8BFABC8B1B15852900050C3E /* main.m */,
			);
			name = "Supporting Files";
			sourceTree = "<group>";
		};
		8BFABCA21B15852900050C3E /* TheRandomTests */ = {
			isa = PBXGroup;
			children = (
				8BFABCA51B15852900050C3E /* TheRandomTests.m */,
				8BFABCA31B15852900050C3E /* Supporting Files */,
			);
			path = TheRandomTests;
			sourceTree = "<group>";
		};
		8BFABCA31B15852900050C3E /* Supporting Files */ = {
			isa = PBXGroup;
			children = (
				8BFABCA41B15852900050C3E /* Info.plist */,
			);
			name = "Supporting Files";
			sourceTree = "<group>";
		};
		D37F25C02157E0AA0067E5C9 /* Lib */ = {
			isa = PBXGroup;
			children = (
				D37F25C22157E0B80067E5C9 /* UIView+Toast.h */,
				D37F25C12157E0B80067E5C9 /* UIView+Toast.m */,
			);
			name = Lib;
			sourceTree = "<group>";
		};
		F0B000B721A43689078667E5 /* Pods */ = {
			isa = PBXGroup;
			children = (
				097D43BA7CEB31BF5C269CFD /* Pods-TheRandom.debug.xcconfig */,
				7C89D96D0A69F49E58D54C4F /* Pods-TheRandom.release.xcconfig */,
				189AA999F00DB83F15F5932C /* Pods-TheRandomTests.debug.xcconfig */,
				66D4718883B9DD9E43992A50 /* Pods-TheRandomTests.release.xcconfig */,
			);
			name = Pods;
			sourceTree = "<group>";
		};
/* End PBXGroup section */

/* Begin PBXNativeTarget section */
		8BFABC851B15852900050C3E /* TheRandom */ = {
			isa = PBXNativeTarget;
			buildConfigurationList = 8BFABCA91B15852900050C3E /* Build configuration list for PBXNativeTarget "TheRandom" */;
			buildPhases = (
				4935AFBF14942A4F3667FF13 /* [CP] Check Pods Manifest.lock */,
				8BFABC821B15852900050C3E /* Sources */,
				8BFABC831B15852900050C3E /* Frameworks */,
				8BFABC841B15852900050C3E /* Resources */,
			);
			buildRules = (
			);
			dependencies = (
			);
			name = TheRandom;
			productName = TheRandom;
			productReference = 8BFABC861B15852900050C3E /* TheRandom.app */;
			productType = "com.apple.product-type.application";
		};
		8BFABC9E1B15852900050C3E /* TheRandomTests */ = {
			isa = PBXNativeTarget;
			buildConfigurationList = 8BFABCAC1B15852900050C3E /* Build configuration list for PBXNativeTarget "TheRandomTests" */;
			buildPhases = (
				EAF02415D14C0201BEC2F0E7 /* [CP] Check Pods Manifest.lock */,
				8BFABC9B1B15852900050C3E /* Sources */,
				8BFABC9C1B15852900050C3E /* Frameworks */,
				8BFABC9D1B15852900050C3E /* Resources */,
			);
			buildRules = (
			);
			dependencies = (
				8BFABCA11B15852900050C3E /* PBXTargetDependency */,
			);
			name = TheRandomTests;
			productName = TheRandomTests;
			productReference = 8BFABC9F1B15852900050C3E /* TheRandomTests.xctest */;
			productType = "com.apple.product-type.bundle.unit-test";
		};
/* End PBXNativeTarget section */

/* Begin PBXProject section */
		8BFABC7E1B15852900050C3E /* Project object */ = {
			isa = PBXProject;
			attributes = {
				LastUpgradeCheck = 0620;
				ORGANIZATIONNAME = Rocketeer;
				TargetAttributes = {
					8BFABC851B15852900050C3E = {
						CreatedOnToolsVersion = 6.2;
						DevelopmentTeam = 4P9377FEHH;
					};
					8BFABC9E1B15852900050C3E = {
						CreatedOnToolsVersion = 6.2;
						TestTargetID = 8BFABC851B15852900050C3E;
					};
				};
			};
			buildConfigurationList = 8BFABC811B15852900050C3E /* Build configuration list for PBXProject "TheRandom" */;
			compatibilityVersion = "Xcode 3.2";
			developmentRegion = English;
			hasScannedForEncodings = 0;
			knownRegions = (
				en,
				Base,
			);
			mainGroup = 8BFABC7D1B15852900050C3E;
			productRefGroup = 8BFABC871B15852900050C3E /* Products */;
			projectDirPath = "";
			projectRoot = "";
			targets = (
				8BFABC851B15852900050C3E /* TheRandom */,
				8BFABC9E1B15852900050C3E /* TheRandomTests */,
			);
		};
/* End PBXProject section */

/* Begin PBXResourcesBuildPhase section */
		8BFABC841B15852900050C3E /* Resources */ = {
			isa = PBXResourcesBuildPhase;
			buildActionMask = 2147483647;
			files = (
				8B3A80DE1B458C2700125AEC /* roll_dice.caf in Resources */,
				8BFABC951B15852900050C3E /* Main.storyboard in Resources */,
				8BFABC9A1B15852900050C3E /* LaunchScreen.xib in Resources */,
				8B65C7EF1B47DAB400B579D4 /* ColorPicker.xib in Resources */,
				8BFABC971B15852900050C3E /* Images.xcassets in Resources */,
			);
			runOnlyForDeploymentPostprocessing = 0;
		};
		8BFABC9D1B15852900050C3E /* Resources */ = {
			isa = PBXResourcesBuildPhase;
			buildActionMask = 2147483647;
			files = (
			);
			runOnlyForDeploymentPostprocessing = 0;
		};
/* End PBXResourcesBuildPhase section */

/* Begin PBXShellScriptBuildPhase section */
		4935AFBF14942A4F3667FF13 /* [CP] Check Pods Manifest.lock */ = {
			isa = PBXShellScriptBuildPhase;
			buildActionMask = 2147483647;
			files = (
			);
			inputPaths = (
				"${PODS_PODFILE_DIR_PATH}/Podfile.lock",
				"${PODS_ROOT}/Manifest.lock",
			);
			name = "[CP] Check Pods Manifest.lock";
			outputPaths = (
				"$(DERIVED_FILE_DIR)/Pods-TheRandom-checkManifestLockResult.txt",
			);
			runOnlyForDeploymentPostprocessing = 0;
			shellPath = /bin/sh;
			shellScript = "diff \"${PODS_PODFILE_DIR_PATH}/Podfile.lock\" \"${PODS_ROOT}/Manifest.lock\" > /dev/null\nif [ $? != 0 ] ; then\n    # print error to STDERR\n    echo \"error: The sandbox is not in sync with the Podfile.lock. Run 'pod install' or update your CocoaPods installation.\" >&2\n    exit 1\nfi\n# This output is used by Xcode 'outputs' to avoid re-running this script phase.\necho \"SUCCESS\" > \"${SCRIPT_OUTPUT_FILE_0}\"\n";
			showEnvVarsInLog = 0;
		};
		EAF02415D14C0201BEC2F0E7 /* [CP] Check Pods Manifest.lock */ = {
			isa = PBXShellScriptBuildPhase;
			buildActionMask = 2147483647;
			files = (
			);
			inputPaths = (
				"${PODS_PODFILE_DIR_PATH}/Podfile.lock",
				"${PODS_ROOT}/Manifest.lock",
			);
			name = "[CP] Check Pods Manifest.lock";
			outputPaths = (
				"$(DERIVED_FILE_DIR)/Pods-TheRandomTests-checkManifestLockResult.txt",
			);
			runOnlyForDeploymentPostprocessing = 0;
			shellPath = /bin/sh;
			shellScript = "diff \"${PODS_PODFILE_DIR_PATH}/Podfile.lock\" \"${PODS_ROOT}/Manifest.lock\" > /dev/null\nif [ $? != 0 ] ; then\n    # print error to STDERR\n    echo \"error: The sandbox is not in sync with the Podfile.lock. Run 'pod install' or update your CocoaPods installation.\" >&2\n    exit 1\nfi\n# This output is used by Xcode 'outputs' to avoid re-running this script phase.\necho \"SUCCESS\" > \"${SCRIPT_OUTPUT_FILE_0}\"\n";
			showEnvVarsInLog = 0;
		};
/* End PBXShellScriptBuildPhase section */

/* Begin PBXSourcesBuildPhase section */
		8BFABC821B15852900050C3E /* Sources */ = {
			isa = PBXSourcesBuildPhase;
			buildActionMask = 2147483647;
			files = (
				8BFABC921B15852900050C3E /* ViewController.m in Sources */,
				D3D1118E2156A6880088C761 /* BaseViewController.m in Sources */,
				8BFABC8F1B15852900050C3E /* AppDelegate.m in Sources */,
				8B86499E1B22AF0200A77EFD /* RecentNumberRandom.m in Sources */,
				8B619FCD1B2A7D9200CB52F9 /* AUIAutoGrowingTextView.m in Sources */,
				8BD25D081B4BD90500360128 /* RecentDice.m in Sources */,
				8BFABC8C1B15852900050C3E /* main.m in Sources */,
				8B1BFF9C1B1CC5580061DB27 /* RandomDice.m in Sources */,
				D37F25C32157E0B80067E5C9 /* UIView+Toast.m in Sources */,
				8B1BFF9D1B1CC5580061DB27 /* RandomList.m in Sources */,
				8B7D9E841B2BDF7B001AF02B /* RandomListResult.m in Sources */,
				8BD67E1C1B1CBF4300DA1E9B /* RandomNumber.m in Sources */,
				8B1BFF971B1CC5220061DB27 /* RandomCard.m in Sources */,
			);
			runOnlyForDeploymentPostprocessing = 0;
		};
		8BFABC9B1B15852900050C3E /* Sources */ = {
			isa = PBXSourcesBuildPhase;
			buildActionMask = 2147483647;
			files = (
				8BFABCA61B15852900050C3E /* TheRandomTests.m in Sources */,
			);
			runOnlyForDeploymentPostprocessing = 0;
		};
/* End PBXSourcesBuildPhase section */

/* Begin PBXTargetDependency section */
		8BFABCA11B15852900050C3E /* PBXTargetDependency */ = {
			isa = PBXTargetDependency;
			target = 8BFABC851B15852900050C3E /* TheRandom */;
			targetProxy = 8BFABCA01B15852900050C3E /* PBXContainerItemProxy */;
		};
/* End PBXTargetDependency section */

/* Begin PBXVariantGroup section */
		8BFABC931B15852900050C3E /* Main.storyboard */ = {
			isa = PBXVariantGroup;
			children = (
				8BFABC941B15852900050C3E /* Base */,
			);
			name = Main.storyboard;
			sourceTree = "<group>";
		};
		8BFABC981B15852900050C3E /* LaunchScreen.xib */ = {
			isa = PBXVariantGroup;
			children = (
				8BFABC991B15852900050C3E /* Base */,
			);
			name = LaunchScreen.xib;
			sourceTree = "<group>";
		};
/* End PBXVariantGroup section */

/* Begin XCBuildConfiguration section */
		8BFABCA71B15852900050C3E /* Debug */ = {
			isa = XCBuildConfiguration;
			buildSettings = {
				ALWAYS_SEARCH_USER_PATHS = NO;
				CLANG_CXX_LANGUAGE_STANDARD = "gnu++0x";
				CLANG_CXX_LIBRARY = "libc++";
				CLANG_ENABLE_MODULES = YES;
				CLANG_ENABLE_OBJC_ARC = YES;
				CLANG_WARN_BOOL_CONVERSION = YES;
				CLANG_WARN_CONSTANT_CONVERSION = YES;
				CLANG_WARN_DIRECT_OBJC_ISA_USAGE = YES_ERROR;
				CLANG_WARN_EMPTY_BODY = YES;
				CLANG_WARN_ENUM_CONVERSION = YES;
				CLANG_WARN_INT_CONVERSION = YES;
				CLANG_WARN_OBJC_ROOT_CLASS = YES_ERROR;
				CLANG_WARN_UNREACHABLE_CODE = YES;
				CLANG_WARN__DUPLICATE_METHOD_MATCH = YES;
				"CODE_SIGN_IDENTITY[sdk=iphoneos*]" = "iPhone Distribution: Thi Vo (4P9377FEHH)";
				COPY_PHASE_STRIP = NO;
				ENABLE_STRICT_OBJC_MSGSEND = YES;
				GCC_C_LANGUAGE_STANDARD = gnu99;
				GCC_DYNAMIC_NO_PIC = NO;
				GCC_OPTIMIZATION_LEVEL = 0;
				GCC_PREPROCESSOR_DEFINITIONS = (
					"DEBUG=1",
					"$(inherited)",
				);
				GCC_SYMBOLS_PRIVATE_EXTERN = NO;
				GCC_WARN_64_TO_32_BIT_CONVERSION = YES;
				GCC_WARN_ABOUT_RETURN_TYPE = YES_ERROR;
				GCC_WARN_UNDECLARED_SELECTOR = YES;
				GCC_WARN_UNINITIALIZED_AUTOS = YES_AGGRESSIVE;
				GCC_WARN_UNUSED_FUNCTION = YES;
				GCC_WARN_UNUSED_VARIABLE = YES;
				IPHONEOS_DEPLOYMENT_TARGET = 7.1;
				MTL_ENABLE_DEBUG_INFO = YES;
				ONLY_ACTIVE_ARCH = YES;
				SDKROOT = iphoneos;
				TARGETED_DEVICE_FAMILY = "1,2";
			};
			name = Debug;
		};
		8BFABCA81B15852900050C3E /* Release */ = {
			isa = XCBuildConfiguration;
			buildSettings = {
				ALWAYS_SEARCH_USER_PATHS = NO;
				CLANG_CXX_LANGUAGE_STANDARD = "gnu++0x";
				CLANG_CXX_LIBRARY = "libc++";
				CLANG_ENABLE_MODULES = YES;
				CLANG_ENABLE_OBJC_ARC = YES;
				CLANG_WARN_BOOL_CONVERSION = YES;
				CLANG_WARN_CONSTANT_CONVERSION = YES;
				CLANG_WARN_DIRECT_OBJC_ISA_USAGE = YES_ERROR;
				CLANG_WARN_EMPTY_BODY = YES;
				CLANG_WARN_ENUM_CONVERSION = YES;
				CLANG_WARN_INT_CONVERSION = YES;
				CLANG_WARN_OBJC_ROOT_CLASS = YES_ERROR;
				CLANG_WARN_UNREACHABLE_CODE = YES;
				CLANG_WARN__DUPLICATE_METHOD_MATCH = YES;
				"CODE_SIGN_IDENTITY[sdk=iphoneos*]" = "iPhone Distribution: Thi Vo (4P9377FEHH)";
				COPY_PHASE_STRIP = NO;
				ENABLE_NS_ASSERTIONS = NO;
				ENABLE_STRICT_OBJC_MSGSEND = YES;
				GCC_C_LANGUAGE_STANDARD = gnu99;
				GCC_WARN_64_TO_32_BIT_CONVERSION = YES;
				GCC_WARN_ABOUT_RETURN_TYPE = YES_ERROR;
				GCC_WARN_UNDECLARED_SELECTOR = YES;
				GCC_WARN_UNINITIALIZED_AUTOS = YES_AGGRESSIVE;
				GCC_WARN_UNUSED_FUNCTION = YES;
				GCC_WARN_UNUSED_VARIABLE = YES;
				IPHONEOS_DEPLOYMENT_TARGET = 7.1;
				MTL_ENABLE_DEBUG_INFO = NO;
				SDKROOT = iphoneos;
				TARGETED_DEVICE_FAMILY = "1,2";
				VALIDATE_PRODUCT = NO;
			};
			name = Release;
		};
		8BFABCAA1B15852900050C3E /* Debug */ = {
			isa = XCBuildConfiguration;
			baseConfigurationReference = 097D43BA7CEB31BF5C269CFD /* Pods-TheRandom.debug.xcconfig */;
			buildSettings = {
				ASSETCATALOG_COMPILER_APPICON_NAME = AppIcon;
				ASSETCATALOG_COMPILER_LAUNCHIMAGE_NAME = LaunchImage;
				CODE_SIGN_IDENTITY = "iPhone Developer";
				"CODE_SIGN_IDENTITY[sdk=iphoneos*]" = "iPhone Developer";
				INFOPLIST_FILE = TheRandom/Info.plist;
				IPHONEOS_DEPLOYMENT_TARGET = 7.0;
				LD_RUNPATH_SEARCH_PATHS = "$(inherited) @executable_path/Frameworks";
				PRODUCT_NAME = "$(TARGET_NAME)";
				PROVISIONING_PROFILE = "";
				TARGETED_DEVICE_FAMILY = "1,2";
			};
			name = Debug;
		};
		8BFABCAB1B15852900050C3E /* Release */ = {
			isa = XCBuildConfiguration;
			baseConfigurationReference = 7C89D96D0A69F49E58D54C4F /* Pods-TheRandom.release.xcconfig */;
			buildSettings = {
				ASSETCATALOG_COMPILER_APPICON_NAME = AppIcon;
				ASSETCATALOG_COMPILER_LAUNCHIMAGE_NAME = LaunchImage;
				CODE_SIGN_IDENTITY = "iPhone Developer";
				"CODE_SIGN_IDENTITY[sdk=iphoneos*]" = "iPhone Developer";
				INFOPLIST_FILE = TheRandom/Info.plist;
				IPHONEOS_DEPLOYMENT_TARGET = 7.0;
				LD_RUNPATH_SEARCH_PATHS = "$(inherited) @executable_path/Frameworks";
				PRODUCT_NAME = "$(TARGET_NAME)";
				PROVISIONING_PROFILE = "";
				TARGETED_DEVICE_FAMILY = "1,2";
			};
			name = Release;
		};
		8BFABCAD1B15852900050C3E /* Debug */ = {
			isa = XCBuildConfiguration;
			baseConfigurationReference = 189AA999F00DB83F15F5932C /* Pods-TheRandomTests.debug.xcconfig */;
			buildSettings = {
				BUNDLE_LOADER = "$(TEST_HOST)";
				FRAMEWORK_SEARCH_PATHS = (
					"$(SDKROOT)/Developer/Library/Frameworks",
					"$(inherited)",
				);
				GCC_PREPROCESSOR_DEFINITIONS = (
					"DEBUG=1",
					"$(inherited)",
				);
				INFOPLIST_FILE = TheRandomTests/Info.plist;
				LD_RUNPATH_SEARCH_PATHS = "$(inherited) @executable_path/Frameworks @loader_path/Frameworks";
				PRODUCT_NAME = "$(TARGET_NAME)";
				TEST_HOST = "$(BUILT_PRODUCTS_DIR)/TheRandom.app/TheRandom";
			};
			name = Debug;
		};
		8BFABCAE1B15852900050C3E /* Release */ = {
			isa = XCBuildConfiguration;
			baseConfigurationReference = 66D4718883B9DD9E43992A50 /* Pods-TheRandomTests.release.xcconfig */;
			buildSettings = {
				BUNDLE_LOADER = "$(TEST_HOST)";
				FRAMEWORK_SEARCH_PATHS = (
					"$(SDKROOT)/Developer/Library/Frameworks",
					"$(inherited)",
				);
				INFOPLIST_FILE = TheRandomTests/Info.plist;
				LD_RUNPATH_SEARCH_PATHS = "$(inherited) @executable_path/Frameworks @loader_path/Frameworks";
				PRODUCT_NAME = "$(TARGET_NAME)";
				TEST_HOST = "$(BUILT_PRODUCTS_DIR)/TheRandom.app/TheRandom";
			};
			name = Release;
		};
/* End XCBuildConfiguration section */

/* Begin XCConfigurationList section */
		8BFABC811B15852900050C3E /* Build configuration list for PBXProject "TheRandom" */ = {
			isa = XCConfigurationList;
			buildConfigurations = (
				8BFABCA71B15852900050C3E /* Debug */,
				8BFABCA81B15852900050C3E /* Release */,
			);
			defaultConfigurationIsVisible = 0;
			defaultConfigurationName = Release;
		};
		8BFABCA91B15852900050C3E /* Build configuration list for PBXNativeTarget "TheRandom" */ = {
			isa = XCConfigurationList;
			buildConfigurations = (
				8BFABCAA1B15852900050C3E /* Debug */,
				8BFABCAB1B15852900050C3E /* Release */,
			);
			defaultConfigurationIsVisible = 0;
			defaultConfigurationName = Release;
		};
		8BFABCAC1B15852900050C3E /* Build configuration list for PBXNativeTarget "TheRandomTests" */ = {
			isa = XCConfigurationList;
			buildConfigurations = (
				8BFABCAD1B15852900050C3E /* Debug */,
				8BFABCAE1B15852900050C3E /* Release */,
			);
			defaultConfigurationIsVisible = 0;
			defaultConfigurationName = Release;
		};
/* End XCConfigurationList section */
	};
	rootObject = 8BFABC7E1B15852900050C3E /* Project object */;
}
